Microsoft Visual Studio Solution File, Format Version 12.00
# Visual Studio Version 17
VisualStudioVersion = 17.5.2.0
MinimumVisualStudioVersion = 10.0.40219.1
Project("{2150E333-8FDC-42A3-9474-1A3956D46DE8}") = "native_wrapper", "native_wrapper", "{AEA33C15-5E15-C729-C6DE-5DCB2599A0F7}"
EndProject
Project("{FAE04EC0-301F-11D3-BF4B-00C04F79EFBC}") = "PQDIFWrapper", "native_wrapper\PQDIFWrapper.csproj", "{075573EE-AC6A-6899-CA11-1B27706A2214}"
EndProject
Global
	GlobalSection(SolutionConfigurationPlatforms) = preSolution
		Debug|Any CPU = Debug|Any CPU
		Release|Any CPU = Release|Any CPU
	EndGlobalSection
	GlobalSection(ProjectConfigurationPlatforms) = postSolution
		{075573EE-AC6A-6899-CA11-1B27706A2214}.Debug|Any CPU.ActiveCfg = Debug|Any CPU
		{075573EE-AC6A-6899-CA11-1B27706A2214}.Debug|Any CPU.Build.0 = Debug|Any CPU
		{075573EE-AC6A-6899-CA11-1B27706A2214}.Release|Any CPU.ActiveCfg = Release|Any CPU
		{075573EE-AC6A-6899-CA11-1B27706A2214}.Release|Any CPU.Build.0 = Release|Any CPU
	EndGlobalSection
	GlobalSection(SolutionProperties) = preSolution
		HideSolutionNode = FALSE
	EndGlobalSection
	GlobalSection(NestedProjects) = preSolution
		{075573EE-AC6A-6899-CA11-1B27706A2214} = {AEA33C15-5E15-C729-C6DE-5DCB2599A0F7}
	EndGlobalSection
	GlobalSection(ExtensibilityGlobals) = postSolution
		SolutionGuid = {41BCA4BE-CF17-4AF4-B434-7CE6C8783B07}
	EndGlobalSection
EndGlobal
